
Microsoft Visual Studio Solution File, Format Version 12.00
# Visual Studio 2013
VisualStudioVersion = 12.0.31101.0
MinimumVisualStudioVersion = 10.0.40219.1
Project("{FAE04EC0-301F-11D3-BF4B-00C04F79EFBC}") = "SpecflowTutorial", "SpecflowTutorial\SpecflowTutorial.csproj", "{B726B525-FB14-4DBA-A635-A3FF13F2D43D}"
EndProject
Global
	GlobalSection(SolutionConfigurationPlatforms) = preSolution
		Debug|Any CPU = Debug|Any CPU
		Release|Any CPU = Release|Any CPU
	EndGlobalSection
	GlobalSection(ProjectConfigurationPlatforms) = postSolution
		{B726B525-FB14-4DBA-A635-A3FF13F2D43D}.Debug|Any CPU.ActiveCfg = Debug|Any CPU
		{B726B525-FB14-4DBA-A635-A3FF13F2D43D}.Debug|Any CPU.Build.0 = Debug|Any CPU
		{B726B525-FB14-4DBA-A635-A3FF13F2D43D}.Release|Any CPU.ActiveCfg = Release|Any CPU
		{B726B525-FB14-4DBA-A635-A3FF13F2D43D}.Release|Any CPU.Build.0 = Release|Any CPU
	EndGlobalSection
	GlobalSection(SolutionProperties) = preSolution
		HideSolutionNode = FALSE
	EndGlobalSection
EndGlobal
